{
  "version": "5",
  "remote": {
    "https://esm.sh/@supabase/supabase-js@2.45.4": "1108d69216995335d057dbd15907caaf514a4d1ef082f097050573b9d589a57c"
  },
  "workspace": {
    "packageJson": {
      "dependencies": [
        "npm:@astrojs/check@~0.9.4",
        "npm:@supabase/supabase-js@^2.45.4",
        "npm:astro@^4.16.18",
        "npm:typescript@^5.6.3",
        "npm:zod@^3.25.76"
      ]
    }
  }
}
